
Microsoft Visual Studio Solution File, Format Version 12.00
# Visual Studio Version 18
VisualStudioVersion = 18.4.11626.88 stable
MinimumVisualStudioVersion = 10.0.40219.1
Project("{FAE04EC0-301F-11D3-BF4B-00C04F79EFBC}") = "ConsoleApp2", "ConsoleApp2.csproj", "{571CB14E-5C0D-4E3E-8D1A-AA555CF94458}"
EndProject
Project("{FAE04EC0-301F-11D3-BF4B-00C04F79EFBC}") = "subjectSchedule", "..\subjectSchedule\subjectSchedule.csproj", "{EAB74632-F61B-468F-B089-C2F5647CF3D4}"
EndProject
Project("{FAE04EC0-301F-11D3-BF4B-00C04F79EFBC}") = "subSchedDL", "..\subSchedDL\subSchedDL.csproj", "{EC99BBAA-C0F4-41A7-8FD0-B64979675089}"
EndProject
Global
	GlobalSection(SolutionConfigurationPlatforms) = preSolution
		Debug|Any CPU = Debug|Any CPU
		Release|Any CPU = Release|Any CPU
	EndGlobalSection
	GlobalSection(ProjectConfigurationPlatforms) = postSolution
		{571CB14E-5C0D-4E3E-8D1A-AA555CF94458}.Debug|Any CPU.ActiveCfg = Debug|Any CPU
		{571CB14E-5C0D-4E3E-8D1A-AA555CF94458}.Debug|Any CPU.Build.0 = Debug|Any CPU
		{571CB14E-5C0D-4E3E-8D1A-AA555CF94458}.Release|Any CPU.ActiveCfg = Release|Any CPU
		{571CB14E-5C0D-4E3E-8D1A-AA555CF94458}.Release|Any CPU.Build.0 = Release|Any CPU
		{EAB74632-F61B-468F-B089-C2F5647CF3D4}.Debug|Any CPU.ActiveCfg = Debug|Any CPU
		{EAB74632-F61B-468F-B089-C2F5647CF3D4}.Debug|Any CPU.Build.0 = Debug|Any CPU
		{EAB74632-F61B-468F-B089-C2F5647CF3D4}.Release|Any CPU.ActiveCfg = Release|Any CPU
		{EAB74632-F61B-468F-B089-C2F5647CF3D4}.Release|Any CPU.Build.0 = Release|Any CPU
		{EC99BBAA-C0F4-41A7-8FD0-B64979675089}.Debug|Any CPU.ActiveCfg = Debug|Any CPU
		{EC99BBAA-C0F4-41A7-8FD0-B64979675089}.Debug|Any CPU.Build.0 = Debug|Any CPU
		{EC99BBAA-C0F4-41A7-8FD0-B64979675089}.Release|Any CPU.ActiveCfg = Release|Any CPU
		{EC99BBAA-C0F4-41A7-8FD0-B64979675089}.Release|Any CPU.Build.0 = Release|Any CPU
	EndGlobalSection
	GlobalSection(SolutionProperties) = preSolution
		HideSolutionNode = FALSE
	EndGlobalSection
	GlobalSection(ExtensibilityGlobals) = postSolution
		SolutionGuid = {8EFE6986-9A86-40EA-9D69-6A7AE3F5A390}
	EndGlobalSection
EndGlobal
